<?xml version="1.0" encoding="utf-8"?>
<Project ToolsVersion="4.0" xmlns="http://schemas.microsoft.com/developer/msbuild/2003">
  <ItemGroup>
    <Filter Include="Main">
      <UniqueIdentifier>{e1517d75-8dba-4d54-9184-b05414d4b18f}</UniqueIdentifier>
    </Filter>
    <Filter Include="Container">
      <UniqueIdentifier>{0a9dc548-c331-4867-a979-d4903e7b6be7}</UniqueIdentifier>
    </Filter>
    <Filter Include="Job">
      <UniqueIdentifier>{d3f5e109-fb21-4a04-a4d6-ca95d2cbd6e7}</UniqueIdentifier>
    </Filter>
    <Filter Include="Memory">
      <UniqueIdentifier>{d2b8863e-8ccc-4a55-8284-37254ebfced1}</UniqueIdentifier>
    </Filter>
    <Filter Include="Network">
      <UniqueIdentifier>{8270cd0a-be99-4eb8-8f70-db7aa773ffe2}</UniqueIdentifier>
    </Filter>
    <Filter Include="NetworkBase">
      <UniqueIdentifier>{6c59cee0-c1ac-49e4-9446-c7e9a78e121b}</UniqueIdentifier>
    </Filter>
    <Filter Include="Thread">
      <UniqueIdentifier>{250db986-3456-40e7-840c-136832a9df4b}</UniqueIdentifier>
    </Filter>
    <Filter Include="Utils">
      <UniqueIdentifier>{a3198f95-7bf5-467c-8f00-800238462d87}</UniqueIdentifier>
    </Filter>
    <Filter Include="Group">
      <UniqueIdentifier>{ccbd8184-a06e-4554-aed2-9712c3c428ea}</UniqueIdentifier>
    </Filter>
  </ItemGroup>
  <ItemGroup>
    <ClInclude Include="Containers.h">
      <Filter>Container</Filter>
    </ClInclude>
    <ClInclude Include="CrashDump.h">
      <Filter>Utils</Filter>
    </ClInclude>
    <ClInclude Include="DateTime.h">
      <Filter>Utils</Filter>
    </ClInclude>
    <ClInclude Include="GroupBase.h">
      <Filter>Group</Filter>
    </ClInclude>
    <ClInclude Include="GroupJob.h">
      <Filter>Group</Filter>
    </ClInclude>
    <ClInclude Include="HardwareMonitor.h">
      <Filter>Utils</Filter>
    </ClInclude>
    <ClInclude Include="HeteroServerBase.h">
      <Filter>NetworkBase</Filter>
    </ClInclude>
    <ClInclude Include="IServer.h">
      <Filter>NetworkBase</Filter>
    </ClInclude>
    <ClInclude Include="IocpObject.h">
      <Filter>Network</Filter>
    </ClInclude>
    <ClInclude Include="Job.h">
      <Filter>Job</Filter>
    </ClInclude>
    <ClInclude Include="JobQueue.h">
      <Filter>Job</Filter>
    </ClInclude>
    <ClInclude Include="Lock.h">
      <Filter>Thread</Filter>
    </ClInclude>
    <ClInclude Include="LibraryIncludes.h">
      <Filter>Main</Filter>
    </ClInclude>
    <ClInclude Include="LockFreeQueue.h">
      <Filter>Container</Filter>
    </ClInclude>
    <ClInclude Include="LockFreeQueue.hpp">
      <Filter>Container</Filter>
    </ClInclude>
    <ClInclude Include="LockFreeStack.h">
      <Filter>Container</Filter>
    </ClInclude>
    <ClInclude Include="LockFreeStack.hpp">
      <Filter>Container</Filter>
    </ClInclude>
    <ClInclude Include="Logger.h">
      <Filter>Utils</Filter>
    </ClInclude>
    <ClInclude Include="Macro.h">
      <Filter>Main</Filter>
    </ClInclude>
    <ClInclude Include="NetworkAddress.h">
      <Filter>Network</Filter>
    </ClInclude>
    <ClInclude Include="NetworkClientBase.h">
      <Filter>NetworkBase</Filter>
    </ClInclude>
    <ClInclude Include="ObjectPool.h">
      <Filter>Memory</Filter>
    </ClInclude>
    <ClInclude Include="ObjectPool.hpp">
      <Filter>Memory</Filter>
    </ClInclude>
    <ClInclude Include="ObjectPoolTls.h">
      <Filter>Memory</Filter>
    </ClInclude>
    <ClInclude Include="ObjectPoolTls.hpp">
      <Filter>Memory</Filter>
    </ClInclude>
    <ClInclude Include="Packet.h">
      <Filter>Network</Filter>
    </ClInclude>
    <ClInclude Include="ProcessMonitor.h">
      <Filter>Utils</Filter>
    </ClInclude>
    <ClInclude Include="Profiler.h">
      <Filter>Utils</Filter>
    </ClInclude>
    <ClInclude Include="ServerBase.h">
      <Filter>NetworkBase</Filter>
    </ClInclude>
    <ClInclude Include="Session.h">
      <Filter>Network</Filter>
    </ClInclude>
    <ClInclude Include="SessionManager.h">
      <Filter>Network</Filter>
    </ClInclude>
    <ClInclude Include="Socket.h">
      <Filter>Network</Filter>
    </ClInclude>
    <ClInclude Include="RawPacket.h">
      <Filter>Network</Filter>
    </ClInclude>
    <ClInclude Include="RecvBuffer.h">
      <Filter>Network</Filter>
    </ClInclude>
    <ClInclude Include="RingBuffer.h">
      <Filter>Network</Filter>
    </ClInclude>
    <ClInclude Include="SendBuffer.h">
      <Filter>Network</Filter>
    </ClInclude>
    <ClInclude Include="Thread.h">
      <Filter>Thread</Filter>
    </ClInclude>
    <ClInclude Include="stdafx.h">
      <Filter>Main</Filter>
    </ClInclude>
    <ClInclude Include="Types.h">
      <Filter>Main</Filter>
    </ClInclude>
  </ItemGroup>
  <ItemGroup>
    <ClCompile Include="DateTime.cpp">
      <Filter>Utils</Filter>
    </ClCompile>
    <ClCompile Include="GroupBase.cpp">
      <Filter>Group</Filter>
    </ClCompile>
    <ClCompile Include="GroupJob.cpp">
      <Filter>Group</Filter>
    </ClCompile>
    <ClCompile Include="HardwareMonitor.cpp">
      <Filter>Utils</Filter>
    </ClCompile>
    <ClCompile Include="HeteroServerBase.cpp">
      <Filter>NetworkBase</Filter>
    </ClCompile>
    <ClCompile Include="JobQueue.cpp">
      <Filter>Job</Filter>
    </ClCompile>
    <ClCompile Include="Logger.cpp">
      <Filter>Utils</Filter>
    </ClCompile>
    <ClCompile Include="NetworkAddress.cpp">
      <Filter>Network</Filter>
    </ClCompile>
    <ClCompile Include="NetworkClientBase.cpp">
      <Filter>NetworkBase</Filter>
    </ClCompile>
    <ClCompile Include="Packet.cpp">
      <Filter>Network</Filter>
    </ClCompile>
    <ClCompile Include="ProcessMonitor.cpp">
      <Filter>Utils</Filter>
    </ClCompile>
    <ClCompile Include="Profiler.cpp">
      <Filter>Utils</Filter>
    </ClCompile>
    <ClCompile Include="ServerBase.cpp">
      <Filter>NetworkBase</Filter>
    </ClCompile>
    <ClCompile Include="Session.cpp">
      <Filter>Network</Filter>
    </ClCompile>
    <ClCompile Include="SessionManager.cpp">
      <Filter>Network</Filter>
    </ClCompile>
    <ClCompile Include="RawPacket.cpp">
      <Filter>Network</Filter>
    </ClCompile>
    <ClCompile Include="RecvBuffer.cpp">
      <Filter>Network</Filter>
    </ClCompile>
    <ClCompile Include="RingBuffer.cpp">
      <Filter>Network</Filter>
    </ClCompile>
    <ClCompile Include="SendBuffer.cpp">
      <Filter>Network</Filter>
    </ClCompile>
    <ClCompile Include="Socket.cpp">
      <Filter>Network</Filter>
    </ClCompile>
    <ClCompile Include="stdafx.cpp">
      <Filter>Main</Filter>
    </ClCompile>
  </ItemGroup>
</Project>