<?xml version="1.0" encoding="utf-8"?>
<Project ToolsVersion="4.0" xmlns="http://schemas.microsoft.com/developer/msbuild/2003">
  <ItemGroup>
    <Filter Include="Main">
      <UniqueIdentifier>{e1517d75-8dba-4d54-9184-b05414d4b18f}</UniqueIdentifier>
    </Filter>
    <Filter Include="Group">
      <UniqueIdentifier>{870887ee-484f-47d8-ac98-af22aaff1d39}</UniqueIdentifier>
    </Filter>
    <Filter Include="DB">
      <UniqueIdentifier>{90ac1cfc-127c-4418-ad8f-aa857f8a7acd}</UniqueIdentifier>
    </Filter>
    <Filter Include="Server">
      <UniqueIdentifier>{42b864cb-0ac5-4e10-8eb0-ce21dfd9590f}</UniqueIdentifier>
    </Filter>
    <Filter Include="Game">
      <UniqueIdentifier>{fa74aedc-e5ae-4e3f-829b-e8384a8a0641}</UniqueIdentifier>
    </Filter>
    <Filter Include="Core">
      <UniqueIdentifier>{999c90e2-d5aa-4ffa-8d99-2bfb1e25fdef}</UniqueIdentifier>
    </Filter>
    <Filter Include="Util">
      <UniqueIdentifier>{60133a3a-fcea-4a7c-a2d7-79f89b7e2506}</UniqueIdentifier>
    </Filter>
    <Filter Include="Test">
      <UniqueIdentifier>{0dc05f0c-b19b-4ac8-a7a5-42c7a4853b83}</UniqueIdentifier>
    </Filter>
  </ItemGroup>
  <ItemGroup>
    <ClCompile Include="stdafx.cpp">
      <Filter>Main</Filter>
    </ClCompile>
    <ClCompile Include="main.cpp">
      <Filter>Main</Filter>
    </ClCompile>
    <ClCompile Include="LoginGroup.cpp">
      <Filter>Group</Filter>
    </ClCompile>
    <ClCompile Include="LobbyGroup.cpp">
      <Filter>Group</Filter>
    </ClCompile>
    <ClCompile Include="PacketHandler.cpp">
      <Filter>Main</Filter>
    </ClCompile>
    <ClCompile Include="DBWriter.cpp">
      <Filter>DB</Filter>
    </ClCompile>
    <ClCompile Include="DBJob.cpp">
      <Filter>DB</Filter>
    </ClCompile>
    <ClCompile Include="GameGroup_Town.cpp">
      <Filter>Group</Filter>
    </ClCompile>
    <ClCompile Include="GameServer.cpp">
      <Filter>Server</Filter>
    </ClCompile>
    <ClCompile Include="SqlSession.cpp">
      <Filter>DB</Filter>
    </ClCompile>
    <ClCompile Include="Character.cpp">
      <Filter>Game</Filter>
    </ClCompile>
    <ClCompile Include="Player.cpp">
      <Filter>Game</Filter>
    </ClCompile>
    <ClCompile Include="Map.cpp">
      <Filter>Game</Filter>
    </ClCompile>
    <ClCompile Include="Monster.cpp">
      <Filter>Game</Filter>
    </ClCompile>
    <ClCompile Include="GameGroupBase.cpp">
      <Filter>Core</Filter>
    </ClCompile>
    <ClCompile Include="GameObject.cpp">
      <Filter>Core</Filter>
    </ClCompile>
    <ClCompile Include="GameHost.cpp">
      <Filter>Core</Filter>
    </ClCompile>
    <ClCompile Include="FieldManager.cpp">
      <Filter>Game</Filter>
    </ClCompile>
    <ClCompile Include="MapData.cpp">
      <Filter>Util</Filter>
    </ClCompile>
    <ClCompile Include="InheritanceReflection.cpp">
      <Filter>Util</Filter>
    </ClCompile>
    <ClCompile Include="PathFinder.cpp">
      <Filter>Util</Filter>
    </ClCompile>
    <ClCompile Include="PathReceiver.cpp">
      <Filter>Util</Filter>
    </ClCompile>
    <ClCompile Include="PathFindingWorker.cpp">
      <Filter>Util</Filter>
    </ClCompile>
    <ClCompile Include="MonsterData.cpp">
      <Filter>Util</Filter>
    </ClCompile>
    <ClCompile Include="PathFindingTestObject.cpp">
      <Filter>Util</Filter>
    </ClCompile>
    <ClCompile Include="Route.cpp">
      <Filter>Util</Filter>
    </ClCompile>
  </ItemGroup>
  <ItemGroup>
    <ClInclude Include="stdafx.h">
      <Filter>Main</Filter>
    </ClInclude>
    <ClInclude Include="LoginGroup.h">
      <Filter>Group</Filter>
    </ClInclude>
    <ClInclude Include="GroupDefine.h">
      <Filter>Group</Filter>
    </ClInclude>
    <ClInclude Include="LobbyGroup.h">
      <Filter>Group</Filter>
    </ClInclude>
    <ClInclude Include="PacketHandler.h">
      <Filter>Main</Filter>
    </ClInclude>
    <ClInclude Include="DBWriter.h">
      <Filter>DB</Filter>
    </ClInclude>
    <ClInclude Include="DBJob.h">
      <Filter>DB</Filter>
    </ClInclude>
    <ClInclude Include="GameGroup_Town.h">
      <Filter>Group</Filter>
    </ClInclude>
    <ClInclude Include="GameServer.h">
      <Filter>Server</Filter>
    </ClInclude>
    <ClInclude Include="SqlSession.h">
      <Filter>DB</Filter>
    </ClInclude>
    <ClInclude Include="Character.h">
      <Filter>Game</Filter>
    </ClInclude>
    <ClInclude Include="Player.h">
      <Filter>Game</Filter>
    </ClInclude>
    <ClInclude Include="Map.h">
      <Filter>Game</Filter>
    </ClInclude>
    <ClInclude Include="Monster.h">
      <Filter>Game</Filter>
    </ClInclude>
    <ClInclude Include="GlobalPool.h">
      <Filter>Core</Filter>
    </ClInclude>
    <ClInclude Include="GameObject.h">
      <Filter>Core</Filter>
    </ClInclude>
    <ClInclude Include="TimerEvent.h">
      <Filter>Core</Filter>
    </ClInclude>
    <ClInclude Include="GameHost.h">
      <Filter>Core</Filter>
    </ClInclude>
    <ClInclude Include="FieldManager.h">
      <Filter>Game</Filter>
    </ClInclude>
    <ClInclude Include="MapData.h">
      <Filter>Util</Filter>
    </ClInclude>
    <ClInclude Include="ObjectType.h">
      <Filter>Game</Filter>
    </ClInclude>
    <ClInclude Include="InheritanceReflection.h">
      <Filter>Util</Filter>
    </ClInclude>
    <ClInclude Include="PathFinder.h">
      <Filter>Util</Filter>
    </ClInclude>
    <ClInclude Include="PathReceiver.h">
      <Filter>Util</Filter>
    </ClInclude>
    <ClInclude Include="GameGroupBase.h">
      <Filter>Core</Filter>
    </ClInclude>
    <ClInclude Include="PathFindingWorker.h">
      <Filter>Util</Filter>
    </ClInclude>
    <ClInclude Include="MonsterData.h">
      <Filter>Util</Filter>
    </ClInclude>
    <ClInclude Include="PathFindingTestObject.h">
      <Filter>Util</Filter>
    </ClInclude>
    <ClInclude Include="Route.h">
      <Filter>Util</Filter>
    </ClInclude>
  </ItemGroup>
</Project>